
Microsoft Visual Studio Solution File, Format Version 12.00
# Visual Studio 15
VisualStudioVersion = 15.0.28010.2046
MinimumVisualStudioVersion = 10.0.40219.1
Project("{FAE04EC0-301F-11D3-BF4B-00C04F79EFBC}") = "ConversioneTraBasi", "ConversioneTraBasi\ConversioneTraBasi.csproj", "{BA3CA50F-607D-465C-A98B-41C02C6628B1}"
EndProject
Global
	GlobalSection(SolutionConfigurationPlatforms) = preSolution
		Debug|Any CPU = Debug|Any CPU
		Release|Any CPU = Release|Any CPU
	EndGlobalSection
	GlobalSection(ProjectConfigurationPlatforms) = postSolution
		{BA3CA50F-607D-465C-A98B-41C02C6628B1}.Debug|Any CPU.ActiveCfg = Debug|Any CPU
		{BA3CA50F-607D-465C-A98B-41C02C6628B1}.Debug|Any CPU.Build.0 = Debug|Any CPU
		{BA3CA50F-607D-465C-A98B-41C02C6628B1}.Release|Any CPU.ActiveCfg = Release|Any CPU
		{BA3CA50F-607D-465C-A98B-41C02C6628B1}.Release|Any CPU.Build.0 = Release|Any CPU
	EndGlobalSection
	GlobalSection(SolutionProperties) = preSolution
		HideSolutionNode = FALSE
	EndGlobalSection
	GlobalSection(ExtensibilityGlobals) = postSolution
		SolutionGuid = {0F0DC666-D07F-4A29-AEAA-76A3FE8C589D}
	EndGlobalSection
EndGlobal
